
Microsoft Visual Studio Solution File, Format Version 12.00
# Visual Studio Version 16
VisualStudioVersion = 16.0.32106.194
MinimumVisualStudioVersion = 10.0.40219.1
Project("{2150E333-8FDC-42A3-9474-1A3956D46DE8}") = "src", "src", "{CD414A4A-17E8-48D4-9374-AA35B9B8831D}"
EndProject
Project("{2150E333-8FDC-42A3-9474-1A3956D46DE8}") = "test", "test", "{65C49104-6DE4-4A50-9518-7D6FE1A0CFFF}"
EndProject
Project("{2150E333-8FDC-42A3-9474-1A3956D46DE8}") = "Service", "Service", "{2F9E5B78-C3B9-49A9-86BE-C9FA5A63992C}"
EndProject
Project("{2150E333-8FDC-42A3-9474-1A3956D46DE8}") = "Business", "Business", "{7EECB9DB-4DCB-4AB2-905B-883260E3017E}"
EndProject
Project("{2150E333-8FDC-42A3-9474-1A3956D46DE8}") = "Entities", "Entities", "{DE3AEFEC-2F2A-4A18-865B-C86D38A514A5}"
EndProject
Project("{2150E333-8FDC-42A3-9474-1A3956D46DE8}") = "Infrastructure", "Infrastructure", "{B8709DE9-DACF-45DA-92FB-5B676947B127}"
EndProject
Project("{2150E333-8FDC-42A3-9474-1A3956D46DE8}") = "Unit", "Unit", "{4022C81E-25AE-43A9-A573-33A37969AE81}"
EndProject
Project("{FAE04EC0-301F-11D3-BF4B-00C04F79EFBC}") = "TWN.CustomerApi.Business", "TWN.CustomerApi.Business\TWN.CustomerApi.Business.csproj", "{CEC36F0A-6862-448D-9EDD-3E2D787ABEDA}"
EndProject
Project("{FAE04EC0-301F-11D3-BF4B-00C04F79EFBC}") = "TWN.CustomerApi.Entities", "TWN.CustomerApi.Entities\TWN.CustomerApi.Entities.csproj", "{63AE4224-117A-46CF-A6A3-2CD30B82877C}"
EndProject
Project("{FAE04EC0-301F-11D3-BF4B-00C04F79EFBC}") = "TWN.CustomerApi.Infrastructure", "TWN.CustomerApi.Infrastructure\TWN.CustomerApi.Infrastructure.csproj", "{45A8E60A-A39F-4606-AC9D-F86D74DD8AD1}"
EndProject
Project("{FAE04EC0-301F-11D3-BF4B-00C04F79EFBC}") = "TWN.CustomerApi.Service", "TWN.CustomerApi.Service\TWN.CustomerApi.Service.csproj", "{70BED903-F12D-4587-95EE-51951B968C91}"
EndProject
Global
	GlobalSection(SolutionConfigurationPlatforms) = preSolution
		Debug|Any CPU = Debug|Any CPU
		Release|Any CPU = Release|Any CPU
	EndGlobalSection
	GlobalSection(ProjectConfigurationPlatforms) = postSolution
		{CEC36F0A-6862-448D-9EDD-3E2D787ABEDA}.Debug|Any CPU.ActiveCfg = Debug|Any CPU
		{CEC36F0A-6862-448D-9EDD-3E2D787ABEDA}.Debug|Any CPU.Build.0 = Debug|Any CPU
		{CEC36F0A-6862-448D-9EDD-3E2D787ABEDA}.Release|Any CPU.ActiveCfg = Release|Any CPU
		{CEC36F0A-6862-448D-9EDD-3E2D787ABEDA}.Release|Any CPU.Build.0 = Release|Any CPU
		{63AE4224-117A-46CF-A6A3-2CD30B82877C}.Debug|Any CPU.ActiveCfg = Debug|Any CPU
		{63AE4224-117A-46CF-A6A3-2CD30B82877C}.Debug|Any CPU.Build.0 = Debug|Any CPU
		{63AE4224-117A-46CF-A6A3-2CD30B82877C}.Release|Any CPU.ActiveCfg = Release|Any CPU
		{63AE4224-117A-46CF-A6A3-2CD30B82877C}.Release|Any CPU.Build.0 = Release|Any CPU
		{45A8E60A-A39F-4606-AC9D-F86D74DD8AD1}.Debug|Any CPU.ActiveCfg = Debug|Any CPU
		{45A8E60A-A39F-4606-AC9D-F86D74DD8AD1}.Debug|Any CPU.Build.0 = Debug|Any CPU
		{45A8E60A-A39F-4606-AC9D-F86D74DD8AD1}.Release|Any CPU.ActiveCfg = Release|Any CPU
		{45A8E60A-A39F-4606-AC9D-F86D74DD8AD1}.Release|Any CPU.Build.0 = Release|Any CPU
		{70BED903-F12D-4587-95EE-51951B968C91}.Debug|Any CPU.ActiveCfg = Debug|Any CPU
		{70BED903-F12D-4587-95EE-51951B968C91}.Debug|Any CPU.Build.0 = Debug|Any CPU
		{70BED903-F12D-4587-95EE-51951B968C91}.Release|Any CPU.ActiveCfg = Release|Any CPU
		{70BED903-F12D-4587-95EE-51951B968C91}.Release|Any CPU.Build.0 = Release|Any CPU
	EndGlobalSection
	GlobalSection(SolutionProperties) = preSolution
		HideSolutionNode = FALSE
	EndGlobalSection
	GlobalSection(NestedProjects) = preSolution
		{2F9E5B78-C3B9-49A9-86BE-C9FA5A63992C} = {CD414A4A-17E8-48D4-9374-AA35B9B8831D}
		{7EECB9DB-4DCB-4AB2-905B-883260E3017E} = {CD414A4A-17E8-48D4-9374-AA35B9B8831D}
		{DE3AEFEC-2F2A-4A18-865B-C86D38A514A5} = {CD414A4A-17E8-48D4-9374-AA35B9B8831D}
		{B8709DE9-DACF-45DA-92FB-5B676947B127} = {CD414A4A-17E8-48D4-9374-AA35B9B8831D}
		{4022C81E-25AE-43A9-A573-33A37969AE81} = {65C49104-6DE4-4A50-9518-7D6FE1A0CFFF}
		{CEC36F0A-6862-448D-9EDD-3E2D787ABEDA} = {7EECB9DB-4DCB-4AB2-905B-883260E3017E}
		{63AE4224-117A-46CF-A6A3-2CD30B82877C} = {DE3AEFEC-2F2A-4A18-865B-C86D38A514A5}
		{45A8E60A-A39F-4606-AC9D-F86D74DD8AD1} = {B8709DE9-DACF-45DA-92FB-5B676947B127}
		{70BED903-F12D-4587-95EE-51951B968C91} = {2F9E5B78-C3B9-49A9-86BE-C9FA5A63992C}
	EndGlobalSection
	GlobalSection(ExtensibilityGlobals) = postSolution
		SolutionGuid = {63011A38-69DF-4213-8224-CDEB4FF2D453}
	EndGlobalSection
EndGlobal
